Microsoft Visual Studio Solution File, Format Version 12.00
# Visual Studio Version 17
VisualStudioVersion = 17.5.2.0
MinimumVisualStudioVersion = 10.0.40219.1
Project("{FAE04EC0-301F-11D3-BF4B-00C04F79EFBC}") = "PetCare.Api", "PetCare.Api.csproj", "{707B604F-DE7F-C3F5-3671-EEE008379EF9}"
EndProject
Global
	GlobalSection(SolutionConfigurationPlatforms) = preSolution
		Debug|Any CPU = Debug|Any CPU
		Release|Any CPU = Release|Any CPU
	EndGlobalSection
	GlobalSection(ProjectConfigurationPlatforms) = postSolution
		{707B604F-DE7F-C3F5-3671-EEE008379EF9}.Debug|Any CPU.ActiveCfg = Debug|Any CPU
		{707B604F-DE7F-C3F5-3671-EEE008379EF9}.Debug|Any CPU.Build.0 = Debug|Any CPU
		{707B604F-DE7F-C3F5-3671-EEE008379EF9}.Release|Any CPU.ActiveCfg = Release|Any CPU
		{707B604F-DE7F-C3F5-3671-EEE008379EF9}.Release|Any CPU.Build.0 = Release|Any CPU
	EndGlobalSection
	GlobalSection(SolutionProperties) = preSolution
		HideSolutionNode = FALSE
	EndGlobalSection
	GlobalSection(ExtensibilityGlobals) = postSolution
		SolutionGuid = {58371596-69C6-4C49-BD06-AE4966F99CFB}
	EndGlobalSection
EndGlobal
